
Microsoft Visual Studio Solution File, Format Version 12.00
# Visual Studio Version 16
VisualStudioVersion = 16.0.31727.386
MinimumVisualStudioVersion = 10.0.40219.1
Project("{FAE04EC0-301F-11D3-BF4B-00C04F79EFBC}") = "IsrpoLr1", "IsrpoLr1\IsrpoLr1.csproj", "{06D3ACA4-2C56-4B54-B56A-36161FABF852}"
EndProject
Global
	GlobalSection(SolutionConfigurationPlatforms) = preSolution
		Debug|Any CPU = Debug|Any CPU
		Release|Any CPU = Release|Any CPU
	EndGlobalSection
	GlobalSection(ProjectConfigurationPlatforms) = postSolution
		{06D3ACA4-2C56-4B54-B56A-36161FABF852}.Debug|Any CPU.ActiveCfg = Debug|Any CPU
		{06D3ACA4-2C56-4B54-B56A-36161FABF852}.Debug|Any CPU.Build.0 = Debug|Any CPU
		{06D3ACA4-2C56-4B54-B56A-36161FABF852}.Release|Any CPU.ActiveCfg = Release|Any CPU
		{06D3ACA4-2C56-4B54-B56A-36161FABF852}.Release|Any CPU.Build.0 = Release|Any CPU
	EndGlobalSection
	GlobalSection(SolutionProperties) = preSolution
		HideSolutionNode = FALSE
	EndGlobalSection
	GlobalSection(ExtensibilityGlobals) = postSolution
		SolutionGuid = {1283FEF1-EBA4-402F-931E-9D6EEB9AB772}
	EndGlobalSection
EndGlobal
